// !$*UTF8*$!
{
	archiveVersion = 1;
	classes = {
	};
	objectVersion = 46;
	objects = {

/* Begin PBXBuildFile section */
		B81C33611B7A561500688099 /* TimeEntryInsertTableViewController.swift in Sources */ = {isa = PBXBuildFile; fileRef = B81C33601B7A561500688099 /* TimeEntryInsertTableViewController.swift */; };
		B81C33631B7BAC2A00688099 /* SubjectSelectionTableViewController.swift in Sources */ = {isa = PBXBuildFile; fileRef = B81C33621B7BAC2A00688099 /* SubjectSelectionTableViewController.swift */; };
		B81C33651B9F4B2500688099 /* StudentsSelectionTableViewController.swift in Sources */ = {isa = PBXBuildFile; fileRef = B81C33641B9F4B2500688099 /* StudentsSelectionTableViewController.swift */; };
		B82918E71C00BC27004E3BB9 /* Crashlytics.framework in Frameworks */ = {isa = PBXBuildFile; fileRef = B82918E61C00BC27004E3BB9 /* Crashlytics.framework */; };
		B82918E91C00D1DB004E3BB9 /* ParseUtil.swift in Sources */ = {isa = PBXBuildFile; fileRef = B82918E81C00D1DB004E3BB9 /* ParseUtil.swift */; };
		B82918EB1C00D20E004E3BB9 /* Bolts.framework in Frameworks */ = {isa = PBXBuildFile; fileRef = B82918EA1C00D20E004E3BB9 /* Bolts.framework */; };
		B83D71C71BB825CD00776D62 /* Fabric.framework in Frameworks */ = {isa = PBXBuildFile; fileRef = B83D71C51BB825CD00776D62 /* Fabric.framework */; };
		B83D71C81BB825CD00776D62 /* Crashlytics.framework in Frameworks */ = {isa = PBXBuildFile; fileRef = B83D71C61BB825CD00776D62 /* Crashlytics.framework */; };
		B86EF3FB1B6E4691006FE66E /* AppDelegate.swift in Sources */ = {isa = PBXBuildFile; fileRef = B86EF3FA1B6E4691006FE66E /* AppDelegate.swift */; };
		B86EF3FD1B6E4691006FE66E /* ViewController.swift in Sources */ = {isa = PBXBuildFile; fileRef = B86EF3FC1B6E4691006FE66E /* ViewController.swift */; };
		B86EF4001B6E4691006FE66E /* Main.storyboard in Resources */ = {isa = PBXBuildFile; fileRef = B86EF3FE1B6E4691006FE66E /* Main.storyboard */; };
		B86EF4021B6E4691006FE66E /* Images.xcassets in Resources */ = {isa = PBXBuildFile; fileRef = B86EF4011B6E4691006FE66E /* Images.xcassets */; };
		B86EF4051B6E4691006FE66E /* LaunchScreen.xib in Resources */ = {isa = PBXBuildFile; fileRef = B86EF4031B6E4691006FE66E /* LaunchScreen.xib */; };
		B86EF4111B6E4691006FE66E /* TeacherTimeTrackerTests.swift in Sources */ = {isa = PBXBuildFile; fileRef = B86EF4101B6E4691006FE66E /* TeacherTimeTrackerTests.swift */; };
		B88D3B771B776B900061640E /* TimeEntryDetailsViewController.swift in Sources */ = {isa = PBXBuildFile; fileRef = B88D3B761B776B900061640E /* TimeEntryDetailsViewController.swift */; };
		B8DDEA1F1B6FC7DC0020DF25 /* Parse.framework in Frameworks */ = {isa = PBXBuildFile; fileRef = B8DDEA1E1B6FC7DC0020DF25 /* Parse.framework */; };
		B8DDEA221B6FC8890020DF25 /* AudioToolbox.framework in Frameworks */ = {isa = PBXBuildFile; fileRef = B8DDEA211B6FC8890020DF25 /* AudioToolbox.framework */; };
		B8DDEA341B6FC8DC0020DF25 /* SystemConfiguration.framework in Frameworks */ = {isa = PBXBuildFile; fileRef = B8DDEA331B6FC8DC0020DF25 /* SystemConfiguration.framework */; };
		B8DDEA391B6FCC220020DF25 /* libsqlite3.dylib in Frameworks */ = {isa = PBXBuildFile; fileRef = B8DDEA381B6FCC220020DF25 /* libsqlite3.dylib */; };
		B8DDEA3B1B6FCC520020DF25 /* libstdc++.6.dylib in Frameworks */ = {isa = PBXBuildFile; fileRef = B8DDEA3A1B6FCC520020DF25 /* libstdc++.6.dylib */; };
		B8DDEA3D1B6FCCDB0020DF25 /* Bolts.framework in Frameworks */ = {isa = PBXBuildFile; fileRef = B8DDEA3C1B6FCCDB0020DF25 /* Bolts.framework */; };
		B8DDEA3F1B6FCCEA0020DF25 /* ParseCrashReporting.framework in Frameworks */ = {isa = PBXBuildFile; fileRef = B8DDEA3E1B6FCCEA0020DF25 /* ParseCrashReporting.framework */; };
		B8DDEA411B6FCCF30020DF25 /* ParseFacebookUtils.framework in Frameworks */ = {isa = PBXBuildFile; fileRef = B8DDEA401B6FCCF30020DF25 /* ParseFacebookUtils.framework */; };
		B8DDEA431B6FCCFA0020DF25 /* ParseFacebookUtilsV4.framework in Frameworks */ = {isa = PBXBuildFile; fileRef = B8DDEA421B6FCCFA0020DF25 /* ParseFacebookUtilsV4.framework */; };
		B8DDEA451B6FCD000020DF25 /* ParseUI.framework in Frameworks */ = {isa = PBXBuildFile; fileRef = B8DDEA441B6FCD000020DF25 /* ParseUI.framework */; };
		B8DDEA471B6FD2FC0020DF25 /* TabBarViewController.swift in Sources */ = {isa = PBXBuildFile; fileRef = B8DDEA461B6FD2FC0020DF25 /* TabBarViewController.swift */; };
		B8F288D41B74AEF100D1B552 /* ParseTesting.swift in Sources */ = {isa = PBXBuildFile; fileRef = B8F288D31B74AEF100D1B552 /* ParseTesting.swift */; };
		B8F288D61B7535E900D1B552 /* TimeEntryTableViewController.swift in Sources */ = {isa = PBXBuildFile; fileRef = B8F288D51B7535E900D1B552 /* TimeEntryTableViewController.swift */; };
		B8F288D81B76AD1200D1B552 /* TimeEntryTableViewCell.swift in Sources */ = {isa = PBXBuildFile; fileRef = B8F288D71B76AD1200D1B552 /* TimeEntryTableViewCell.swift */; };
/* End PBXBuildFile section */

/* Begin PBXContainerItemProxy section */
		B86EF40B1B6E4691006FE66E /* PBXContainerItemProxy */ = {
			isa = PBXContainerItemProxy;
			containerPortal = B86EF3ED1B6E4691006FE66E /* Project object */;
			proxyType = 1;
			remoteGlobalIDString = B86EF3F41B6E4691006FE66E;
			remoteInfo = TeacherTimeTracker;
		};
/* End PBXContainerItemProxy section */

/* Begin PBXFileReference section */
		B81C33601B7A561500688099 /* TimeEntryInsertTableViewController.swift */ = {isa = PBXFileReference; fileEncoding = 4; lastKnownFileType = sourcecode.swift; path = TimeEntryInsertTableViewController.swift; sourceTree = "<group>"; };
		B81C33621B7BAC2A00688099 /* SubjectSelectionTableViewController.swift */ = {isa = PBXFileReference; fileEncoding = 4; lastKnownFileType = sourcecode.swift; path = SubjectSelectionTableViewController.swift; sourceTree = "<group>"; };
		B81C33641B9F4B2500688099 /* StudentsSelectionTableViewController.swift */ = {isa = PBXFileReference; fileEncoding = 4; lastKnownFileType = sourcecode.swift; path = StudentsSelectionTableViewController.swift; sourceTree = "<group>"; };
		B82918E61C00BC27004E3BB9 /* Crashlytics.framework */ = {isa = PBXFileReference; lastKnownFileType = wrapper.framework; path = Crashlytics.framework; sourceTree = "<group>"; };
		B82918E81C00D1DB004E3BB9 /* ParseUtil.swift */ = {isa = PBXFileReference; fileEncoding = 4; lastKnownFileType = sourcecode.swift; path = ParseUtil.swift; sourceTree = "<group>"; };
		B82918EA1C00D20E004E3BB9 /* Bolts.framework */ = {isa = PBXFileReference; lastKnownFileType = wrapper.framework; path = Bolts.framework; sourceTree = "<group>"; };
		B83D71C51BB825CD00776D62 /* Fabric.framework */ = {isa = PBXFileReference; lastKnownFileType = wrapper.framework; path = Fabric.framework; sourceTree = SOURCE_ROOT; };
		B83D71C61BB825CD00776D62 /* Crashlytics.framework */ = {isa = PBXFileReference; lastKnownFileType = wrapper.framework; path = Crashlytics.framework; sourceTree = SOURCE_ROOT; };
		B86EF3F51B6E4691006FE66E /* TeacherTimeTracker.app */ = {isa = PBXFileReference; explicitFileType = wrapper.application; includeInIndex = 0; path = TeacherTimeTracker.app; sourceTree = BUILT_PRODUCTS_DIR; };
		B86EF3F91B6E4691006FE66E /* Info.plist */ = {isa = PBXFileReference; lastKnownFileType = text.plist.xml; path = Info.plist; sourceTree = "<group>"; };
		B86EF3FA1B6E4691006FE66E /* AppDelegate.swift */ = {isa = PBXFileReference; lastKnownFileType = sourcecode.swift; path = AppDelegate.swift; sourceTree = "<group>"; };
		B86EF3FC1B6E4691006FE66E /* ViewController.swift */ = {isa = PBXFileReference; lastKnownFileType = sourcecode.swift; path = ViewController.swift; sourceTree = "<group>"; };
		B86EF3FF1B6E4691006FE66E /* Base */ = {isa = PBXFileReference; lastKnownFileType = file.storyboard; name = Base; path = Base.lproj/Main.storyboard; sourceTree = "<group>"; };
		B86EF4011B6E4691006FE66E /* Images.xcassets */ = {isa = PBXFileReference; lastKnownFileType = folder.assetcatalog; path = Images.xcassets; sourceTree = "<group>"; };
		B86EF4041B6E4691006FE66E /* Base */ = {isa = PBXFileReference; lastKnownFileType = file.xib; name = Base; path = Base.lproj/LaunchScreen.xib; sourceTree = "<group>"; };
		B86EF40A1B6E4691006FE66E /* TeacherTimeTrackerTests.xctest */ = {isa = PBXFileReference; explicitFileType = wrapper.cfbundle; includeInIndex = 0; path = TeacherTimeTrackerTests.xctest; sourceTree = BUILT_PRODUCTS_DIR; };
		B86EF40F1B6E4691006FE66E /* Info.plist */ = {isa = PBXFileReference; lastKnownFileType = text.plist.xml; path = Info.plist; sourceTree = "<group>"; };
		B86EF4101B6E4691006FE66E /* TeacherTimeTrackerTests.swift */ = {isa = PBXFileReference; lastKnownFileType = sourcecode.swift; path = TeacherTimeTrackerTests.swift; sourceTree = "<group>"; };
		B88D3B761B776B900061640E /* TimeEntryDetailsViewController.swift */ = {isa = PBXFileReference; fileEncoding = 4; lastKnownFileType = sourcecode.swift; path = TimeEntryDetailsViewController.swift; sourceTree = "<group>"; };
		B8DDEA1E1B6FC7DC0020DF25 /* Parse.framework */ = {isa = PBXFileReference; lastKnownFileType = wrapper.framework; name = Parse.framework; path = ../Parse.framework; sourceTree = "<group>"; };
		B8DDEA211B6FC8890020DF25 /* AudioToolbox.framework */ = {isa = PBXFileReference; lastKnownFileType = wrapper.framework; name = AudioToolbox.framework; path = System/Library/Frameworks/AudioToolbox.framework; sourceTree = SDKROOT; };
		B8DDEA331B6FC8DC0020DF25 /* SystemConfiguration.framework */ = {isa = PBXFileReference; lastKnownFileType = wrapper.framework; name = SystemConfiguration.framework; path = System/Library/Frameworks/SystemConfiguration.framework; sourceTree = SDKROOT; };
		B8DDEA351B6FC9180020DF25 /* TeacherTimeTracker-Bridging-Header.h */ = {isa = PBXFileReference; lastKnownFileType = sourcecode.c.h; path = "TeacherTimeTracker-Bridging-Header.h"; sourceTree = SOURCE_ROOT; };
		B8DDEA381B6FCC220020DF25 /* libsqlite3.dylib */ = {isa = PBXFileReference; lastKnownFileType = "compiled.mach-o.dylib"; name = libsqlite3.dylib; path = usr/lib/libsqlite3.dylib; sourceTree = SDKROOT; };
		B8DDEA3A1B6FCC520020DF25 /* libstdc++.6.dylib */ = {isa = PBXFileReference; lastKnownFileType = "compiled.mach-o.dylib"; name = "libstdc++.6.dylib"; path = "usr/lib/libstdc++.6.dylib"; sourceTree = SDKROOT; };
		B8DDEA3C1B6FCCDB0020DF25 /* Bolts.framework */ = {isa = PBXFileReference; lastKnownFileType = wrapper.framework; name = Bolts.framework; path = "../../../../Downloads/parse-library-1.7.5/Bolts.framework"; sourceTree = "<group>"; };
		B8DDEA3E1B6FCCEA0020DF25 /* ParseCrashReporting.framework */ = {isa = PBXFileReference; lastKnownFileType = wrapper.framework; name = ParseCrashReporting.framework; path = "../../../../Downloads/parse-library-1.7.5/ParseCrashReporting.framework"; sourceTree = "<group>"; };
		B8DDEA401B6FCCF30020DF25 /* ParseFacebookUtils.framework */ = {isa = PBXFileReference; lastKnownFileType = wrapper.framework; name = ParseFacebookUtils.framework; path = "../../../../Downloads/parse-library-1.7.5/ParseFacebookUtils.framework"; sourceTree = "<group>"; };
		B8DDEA421B6FCCFA0020DF25 /* ParseFacebookUtilsV4.framework */ = {isa = PBXFileReference; lastKnownFileType = wrapper.framework; name = ParseFacebookUtilsV4.framework; path = "../../../../Downloads/parse-library-1.7.5/ParseFacebookUtilsV4.framework"; sourceTree = "<group>"; };
		B8DDEA441B6FCD000020DF25 /* ParseUI.framework */ = {isa = PBXFileReference; lastKnownFileType = wrapper.framework; name = ParseUI.framework; path = "../../../../Downloads/parse-library-1.7.5/ParseUI.framework"; sourceTree = "<group>"; };
		B8DDEA461B6FD2FC0020DF25 /* TabBarViewController.swift */ = {isa = PBXFileReference; fileEncoding = 4; lastKnownFileType = sourcecode.swift; name = TabBarViewController.swift; path = ../TabBarViewController.swift; sourceTree = "<group>"; };
		B8F288D31B74AEF100D1B552 /* ParseTesting.swift */ = {isa = PBXFileReference; fileEncoding = 4; lastKnownFileType = sourcecode.swift; name = ParseTesting.swift; path = ../ParseTesting.swift; sourceTree = "<group>"; };
		B8F288D51B7535E900D1B552 /* TimeEntryTableViewController.swift */ = {isa = PBXFileReference; fileEncoding = 4; lastKnownFileType = sourcecode.swift; path = TimeEntryTableViewController.swift; sourceTree = "<group>"; };
		B8F288D71B76AD1200D1B552 /* TimeEntryTableViewCell.swift */ = {isa = PBXFileReference; fileEncoding = 4; lastKnownFileType = sourcecode.swift; path = TimeEntryTableViewCell.swift; sourceTree = "<group>"; };
/* End PBXFileReference section */

/* Begin PBXFrameworksBuildPhase section */
		B86EF3F21B6E4691006FE66E /* Frameworks */ = {
			isa = PBXFrameworksBuildPhase;
			buildActionMask = 2147483647;
			files = (
				B8DDEA451B6FCD000020DF25 /* ParseUI.framework in Frameworks */,
				B8DDEA3B1B6FCC520020DF25 /* libstdc++.6.dylib in Frameworks */,
				B82918E71C00BC27004E3BB9 /* Crashlytics.framework in Frameworks */,
				B8DDEA3F1B6FCCEA0020DF25 /* ParseCrashReporting.framework in Frameworks */,
				B8DDEA391B6FCC220020DF25 /* libsqlite3.dylib in Frameworks */,
				B8DDEA341B6FC8DC0020DF25 /* SystemConfiguration.framework in Frameworks */,
				B8DDEA221B6FC8890020DF25 /* AudioToolbox.framework in Frameworks */,
				B8DDEA1F1B6FC7DC0020DF25 /* Parse.framework in Frameworks */,
				B8DDEA431B6FCCFA0020DF25 /* ParseFacebookUtilsV4.framework in Frameworks */,
				B8DDEA411B6FCCF30020DF25 /* ParseFacebookUtils.framework in Frameworks */,
				B8DDEA3D1B6FCCDB0020DF25 /* Bolts.framework in Frameworks */,
				B83D71C81BB825CD00776D62 /* Crashlytics.framework in Frameworks */,
				B83D71C71BB825CD00776D62 /* Fabric.framework in Frameworks */,
				B82918EB1C00D20E004E3BB9 /* Bolts.framework in Frameworks */,
			);
			runOnlyForDeploymentPostprocessing = 0;
		};
		B86EF4071B6E4691006FE66E /* Frameworks */ = {
			isa = PBXFrameworksBuildPhase;
			buildActionMask = 2147483647;
			files = (
			);
			runOnlyForDeploymentPostprocessing = 0;
		};
/* End PBXFrameworksBuildPhase section */

/* Begin PBXGroup section */
		B86EF3EC1B6E4691006FE66E = {
			isa = PBXGroup;
			children = (
				B86EF3F71B6E4691006FE66E /* TeacherTimeTracker */,
				B86EF40D1B6E4691006FE66E /* TeacherTimeTrackerTests */,
				B86EF3F61B6E4691006FE66E /* Products */,
			);
			sourceTree = "<group>";
		};
		B86EF3F61B6E4691006FE66E /* Products */ = {
			isa = PBXGroup;
			children = (
				B86EF3F51B6E4691006FE66E /* TeacherTimeTracker.app */,
				B86EF40A1B6E4691006FE66E /* TeacherTimeTrackerTests.xctest */,
			);
			name = Products;
			sourceTree = "<group>";
		};
		B86EF3F71B6E4691006FE66E /* TeacherTimeTracker */ = {
			isa = PBXGroup;
			children = (
				B88D3B751B776B240061640E /* Controllers */,
				B8F288D31B74AEF100D1B552 /* ParseTesting.swift */,
				B8DDEA351B6FC9180020DF25 /* TeacherTimeTracker-Bridging-Header.h */,
				B86EF3FA1B6E4691006FE66E /* AppDelegate.swift */,
				B86EF3FC1B6E4691006FE66E /* ViewController.swift */,
				B86EF3FE1B6E4691006FE66E /* Main.storyboard */,
				B86EF4011B6E4691006FE66E /* Images.xcassets */,
				B86EF4031B6E4691006FE66E /* LaunchScreen.xib */,
				B8DDEA201B6FC7F50020DF25 /* Frameworks */,
				B86EF3F81B6E4691006FE66E /* Supporting Files */,
				B82918E81C00D1DB004E3BB9 /* ParseUtil.swift */,
			);
			path = TeacherTimeTracker;
			sourceTree = "<group>";
		};
		B86EF3F81B6E4691006FE66E /* Supporting Files */ = {
			isa = PBXGroup;
			children = (
				B86EF3F91B6E4691006FE66E /* Info.plist */,
			);
			name = "Supporting Files";
			sourceTree = "<group>";
		};
		B86EF40D1B6E4691006FE66E /* TeacherTimeTrackerTests */ = {
			isa = PBXGroup;
			children = (
				B86EF4101B6E4691006FE66E /* TeacherTimeTrackerTests.swift */,
				B86EF40E1B6E4691006FE66E /* Supporting Files */,
			);
			path = TeacherTimeTrackerTests;
			sourceTree = "<group>";
		};
		B86EF40E1B6E4691006FE66E /* Supporting Files */ = {
			isa = PBXGroup;
			children = (
				B86EF40F1B6E4691006FE66E /* Info.plist */,
			);
			name = "Supporting Files";
			sourceTree = "<group>";
		};
		B88D3B751B776B240061640E /* Controllers */ = {
			isa = PBXGroup;
			children = (
				B81C33621B7BAC2A00688099 /* SubjectSelectionTableViewController.swift */,
				B81C33641B9F4B2500688099 /* StudentsSelectionTableViewController.swift */,
				B8DDEA461B6FD2FC0020DF25 /* TabBarViewController.swift */,
				B8F288D71B76AD1200D1B552 /* TimeEntryTableViewCell.swift */,
				B8F288D51B7535E900D1B552 /* TimeEntryTableViewController.swift */,
				B88D3B761B776B900061640E /* TimeEntryDetailsViewController.swift */,
				B81C33601B7A561500688099 /* TimeEntryInsertTableViewController.swift */,
			);
			name = Controllers;
			sourceTree = "<group>";
		};
		B8DDEA201B6FC7F50020DF25 /* Frameworks */ = {
			isa = PBXGroup;
			children = (
				B82918EA1C00D20E004E3BB9 /* Bolts.framework */,
				B82918E61C00BC27004E3BB9 /* Crashlytics.framework */,
				B83D71C51BB825CD00776D62 /* Fabric.framework */,
				B83D71C61BB825CD00776D62 /* Crashlytics.framework */,
				B8DDEA381B6FCC220020DF25 /* libsqlite3.dylib */,
				B8DDEA3A1B6FCC520020DF25 /* libstdc++.6.dylib */,
				B8DDEA441B6FCD000020DF25 /* ParseUI.framework */,
				B8DDEA421B6FCCFA0020DF25 /* ParseFacebookUtilsV4.framework */,
				B8DDEA401B6FCCF30020DF25 /* ParseFacebookUtils.framework */,
				B8DDEA3E1B6FCCEA0020DF25 /* ParseCrashReporting.framework */,
				B8DDEA3C1B6FCCDB0020DF25 /* Bolts.framework */,
				B8DDEA331B6FC8DC0020DF25 /* SystemConfiguration.framework */,
				B8DDEA211B6FC8890020DF25 /* AudioToolbox.framework */,
				B8DDEA1E1B6FC7DC0020DF25 /* Parse.framework */,
			);
			name = Frameworks;
			sourceTree = "<group>";
		};
/* End PBXGroup section */

/* Begin PBXNativeTarget section */
		B86EF3F41B6E4691006FE66E /* TeacherTimeTracker */ = {
			isa = PBXNativeTarget;
			buildConfigurationList = B86EF4141B6E4691006FE66E /* Build configuration list for PBXNativeTarget "TeacherTimeTracker" */;
			buildPhases = (
				B86EF3F11B6E4691006FE66E /* Sources */,
				B86EF3F21B6E4691006FE66E /* Frameworks */,
				B86EF3F31B6E4691006FE66E /* Resources */,
				B83D71C41BB8259100776D62 /* ShellScript */,
			);
			buildRules = (
			);
			dependencies = (
			);
			name = TeacherTimeTracker;
			productName = TeacherTimeTracker;
			productReference = B86EF3F51B6E4691006FE66E /* TeacherTimeTracker.app */;
			productType = "com.apple.product-type.application";
		};
		B86EF4091B6E4691006FE66E /* TeacherTimeTrackerTests */ = {
			isa = PBXNativeTarget;
			buildConfigurationList = B86EF4171B6E4691006FE66E /* Build configuration list for PBXNativeTarget "TeacherTimeTrackerTests" */;
			buildPhases = (
				B86EF4061B6E4691006FE66E /* Sources */,
				B86EF4071B6E4691006FE66E /* Frameworks */,
				B86EF4081B6E4691006FE66E /* Resources */,
			);
			buildRules = (
			);
			dependencies = (
				B86EF40C1B6E4691006FE66E /* PBXTargetDependency */,
			);
			name = TeacherTimeTrackerTests;
			productName = TeacherTimeTrackerTests;
			productReference = B86EF40A1B6E4691006FE66E /* TeacherTimeTrackerTests.xctest */;
			productType = "com.apple.product-type.bundle.unit-test";
		};
/* End PBXNativeTarget section */

/* Begin PBXProject section */
		B86EF3ED1B6E4691006FE66E /* Project object */ = {
			isa = PBXProject;
			attributes = {
				LastUpgradeCheck = 0620;
				ORGANIZATIONNAME = "Gerald Dunn";
				TargetAttributes = {
					B86EF3F41B6E4691006FE66E = {
						CreatedOnToolsVersion = 6.2;
					};
					B86EF4091B6E4691006FE66E = {
						CreatedOnToolsVersion = 6.2;
						TestTargetID = B86EF3F41B6E4691006FE66E;
					};
				};
			};
			buildConfigurationList = B86EF3F01B6E4691006FE66E /* Build configuration list for PBXProject "TeacherTimeTracker" */;
			compatibilityVersion = "Xcode 3.2";
			developmentRegion = English;
			hasScannedForEncodings = 0;
			knownRegions = (
				en,
				Base,
			);
			mainGroup = B86EF3EC1B6E4691006FE66E;
			productRefGroup = B86EF3F61B6E4691006FE66E /* Products */;
			projectDirPath = "";
			projectRoot = "";
			targets = (
				B86EF3F41B6E4691006FE66E /* TeacherTimeTracker */,
				B86EF4091B6E4691006FE66E /* TeacherTimeTrackerTests */,
			);
		};
/* End PBXProject section */

/* Begin PBXResourcesBuildPhase section */
		B86EF3F31B6E4691006FE66E /* Resources */ = {
			isa = PBXResourcesBuildPhase;
			buildActionMask = 2147483647;
			files = (
				B86EF4001B6E4691006FE66E /* Main.storyboard in Resources */,
				B86EF4051B6E4691006FE66E /* LaunchScreen.xib in Resources */,
				B86EF4021B6E4691006FE66E /* Images.xcassets in Resources */,
			);
			runOnlyForDeploymentPostprocessing = 0;
		};
		B86EF4081B6E4691006FE66E /* Resources */ = {
			isa = PBXResourcesBuildPhase;
			buildActionMask = 2147483647;
			files = (
			);
			runOnlyForDeploymentPostprocessing = 0;
		};
/* End PBXResourcesBuildPhase section */

/* Begin PBXShellScriptBuildPhase section */
		B83D71C41BB8259100776D62 /* ShellScript */ = {
			isa = PBXShellScriptBuildPhase;
			buildActionMask = 2147483647;
			files = (
			);
			inputPaths = (
			);
			outputPaths = (
			);
			runOnlyForDeploymentPostprocessing = 0;
			shellPath = /bin/sh;
			shellScript = "./Fabric.framework/run 56455e798b1e6211001b2bffcdc3c6d67f0a0f46 69cb115cc76d4efe3c7ca8daf641d2c2b64df0909c08365240992ab82e07bbcc";
		};
/* End PBXShellScriptBuildPhase section */

/* Begin PBXSourcesBuildPhase section */
		B86EF3F11B6E4691006FE66E /* Sources */ = {
			isa = PBXSourcesBuildPhase;
			buildActionMask = 2147483647;
			files = (
				B8F288D61B7535E900D1B552 /* TimeEntryTableViewController.swift in Sources */,
				B86EF3FD1B6E4691006FE66E /* ViewController.swift in Sources */,
				B82918E91C00D1DB004E3BB9 /* ParseUtil.swift in Sources */,
				B81C33651B9F4B2500688099 /* StudentsSelectionTableViewController.swift in Sources */,
				B88D3B771B776B900061640E /* TimeEntryDetailsViewController.swift in Sources */,
				B8DDEA471B6FD2FC0020DF25 /* TabBarViewController.swift in Sources */,
				B81C33631B7BAC2A00688099 /* SubjectSelectionTableViewController.swift in Sources */,
				B81C33611B7A561500688099 /* TimeEntryInsertTableViewController.swift in Sources */,
				B8F288D81B76AD1200D1B552 /* TimeEntryTableViewCell.swift in Sources */,
				B8F288D41B74AEF100D1B552 /* ParseTesting.swift in Sources */,
				B86EF3FB1B6E4691006FE66E /* AppDelegate.swift in Sources */,
			);
			runOnlyForDeploymentPostprocessing = 0;
		};
		B86EF4061B6E4691006FE66E /* Sources */ = {
			isa = PBXSourcesBuildPhase;
			buildActionMask = 2147483647;
			files = (
				B86EF4111B6E4691006FE66E /* TeacherTimeTrackerTests.swift in Sources */,
			);
			runOnlyForDeploymentPostprocessing = 0;
		};
/* End PBXSourcesBuildPhase section */

/* Begin PBXTargetDependency section */
		B86EF40C1B6E4691006FE66E /* PBXTargetDependency */ = {
			isa = PBXTargetDependency;
			target = B86EF3F41B6E4691006FE66E /* TeacherTimeTracker */;
			targetProxy = B86EF40B1B6E4691006FE66E /* PBXContainerItemProxy */;
		};
/* End PBXTargetDependency section */

/* Begin PBXVariantGroup section */
		B86EF3FE1B6E4691006FE66E /* Main.storyboard */ = {
			isa = PBXVariantGroup;
			children = (
				B86EF3FF1B6E4691006FE66E /* Base */,
			);
			name = Main.storyboard;
			sourceTree = "<group>";
		};
		B86EF4031B6E4691006FE66E /* LaunchScreen.xib */ = {
			isa = PBXVariantGroup;
			children = (
				B86EF4041B6E4691006FE66E /* Base */,
			);
			name = LaunchScreen.xib;
			sourceTree = "<group>";
		};
/* End PBXVariantGroup section */

/* Begin XCBuildConfiguration section */
		B86EF4121B6E4691006FE66E /* Debug */ = {
			isa = XCBuildConfiguration;
			buildSettings = {
				ALWAYS_SEARCH_USER_PATHS = NO;
				CLANG_CXX_LANGUAGE_STANDARD = "gnu++0x";
				CLANG_CXX_LIBRARY = "libc++";
				CLANG_ENABLE_MODULES = YES;
				CLANG_ENABLE_OBJC_ARC = YES;
				CLANG_WARN_BOOL_CONVERSION = YES;
				CLANG_WARN_CONSTANT_CONVERSION = YES;
				CLANG_WARN_DIRECT_OBJC_ISA_USAGE = YES_ERROR;
				CLANG_WARN_EMPTY_BODY = YES;
				CLANG_WARN_ENUM_CONVERSION = YES;
				CLANG_WARN_INT_CONVERSION = YES;
				CLANG_WARN_OBJC_ROOT_CLASS = YES_ERROR;
				CLANG_WARN_UNREACHABLE_CODE = YES;
				CLANG_WARN__DUPLICATE_METHOD_MATCH = YES;
				CODE_SIGN_IDENTITY = "iPhone Developer";
				"CODE_SIGN_IDENTITY[sdk=iphoneos*]" = "iPhone Developer";
				COPY_PHASE_STRIP = NO;
				ENABLE_STRICT_OBJC_MSGSEND = YES;
				GCC_C_LANGUAGE_STANDARD = gnu99;
				GCC_DYNAMIC_NO_PIC = NO;
				GCC_OPTIMIZATION_LEVEL = 0;
				GCC_PREPROCESSOR_DEFINITIONS = (
					"DEBUG=1",
					"$(inherited)",
				);
				GCC_SYMBOLS_PRIVATE_EXTERN = NO;
				GCC_WARN_64_TO_32_BIT_CONVERSION = YES;
				GCC_WARN_ABOUT_RETURN_TYPE = YES_ERROR;
				GCC_WARN_UNDECLARED_SELECTOR = YES;
				GCC_WARN_UNINITIALIZED_AUTOS = YES_AGGRESSIVE;
				GCC_WARN_UNUSED_FUNCTION = YES;
				GCC_WARN_UNUSED_VARIABLE = YES;
				IPHONEOS_DEPLOYMENT_TARGET = 8.2;
				MTL_ENABLE_DEBUG_INFO = YES;
				ONLY_ACTIVE_ARCH = YES;
				SDKROOT = iphoneos;
				SWIFT_OPTIMIZATION_LEVEL = "-Onone";
			};
			name = Debug;
		};
		B86EF4131B6E4691006FE66E /* Release */ = {
			isa = XCBuildConfiguration;
			buildSettings = {
				ALWAYS_SEARCH_USER_PATHS = NO;
				CLANG_CXX_LANGUAGE_STANDARD = "gnu++0x";
				CLANG_CXX_LIBRARY = "libc++";
				CLANG_ENABLE_MODULES = YES;
				CLANG_ENABLE_OBJC_ARC = YES;
				CLANG_WARN_BOOL_CONVERSION = YES;
				CLANG_WARN_CONSTANT_CONVERSION = YES;
				CLANG_WARN_DIRECT_OBJC_ISA_USAGE = YES_ERROR;
				CLANG_WARN_EMPTY_BODY = YES;
				CLANG_WARN_ENUM_CONVERSION = YES;
				CLANG_WARN_INT_CONVERSION = YES;
				CLANG_WARN_OBJC_ROOT_CLASS = YES_ERROR;
				CLANG_WARN_UNREACHABLE_CODE = YES;
				CLANG_WARN__DUPLICATE_METHOD_MATCH = YES;
				CODE_SIGN_IDENTITY = "iPhone Developer";
				"CODE_SIGN_IDENTITY[sdk=iphoneos*]" = "iPhone Developer";
				COPY_PHASE_STRIP = NO;
				ENABLE_NS_ASSERTIONS = NO;
				ENABLE_STRICT_OBJC_MSGSEND = YES;
				GCC_C_LANGUAGE_STANDARD = gnu99;
				GCC_WARN_64_TO_32_BIT_CONVERSION = YES;
				GCC_WARN_ABOUT_RETURN_TYPE = YES_ERROR;
				GCC_WARN_UNDECLARED_SELECTOR = YES;
				GCC_WARN_UNINITIALIZED_AUTOS = YES_AGGRESSIVE;
				GCC_WARN_UNUSED_FUNCTION = YES;
				GCC_WARN_UNUSED_VARIABLE = YES;
				IPHONEOS_DEPLOYMENT_TARGET = 8.2;
				MTL_ENABLE_DEBUG_INFO = NO;
				SDKROOT = iphoneos;
				VALIDATE_PRODUCT = YES;
			};
			name = Release;
		};
		B86EF4151B6E4691006FE66E /* Debug */ = {
			isa = XCBuildConfiguration;
			buildSettings = {
				ASSETCATALOG_COMPILER_APPICON_NAME = AppIcon;
				CLANG_ENABLE_MODULES = YES;
				FRAMEWORK_SEARCH_PATHS = (
					"$(inherited)",
					"$(PROJECT_DIR)",
					"/Users/geralddunn/Downloads/parse-library-1.7.5",
					"$(PROJECT_DIR)/TeacherTimeTracker",
				);
				INFOPLIST_FILE = TeacherTimeTracker/Info.plist;
				IPHONEOS_DEPLOYMENT_TARGET = 7.0;
				LD_RUNPATH_SEARCH_PATHS = "$(inherited) @executable_path/Frameworks";
				PRODUCT_NAME = "$(TARGET_NAME)";
				SWIFT_OBJC_BRIDGING_HEADER = "TeacherTimeTracker-Bridging-Header.h";
				SWIFT_OPTIMIZATION_LEVEL = "-Onone";
			};
			name = Debug;
		};
		B86EF4161B6E4691006FE66E /* Release */ = {
			isa = XCBuildConfiguration;
			buildSettings = {
				ASSETCATALOG_COMPILER_APPICON_NAME = AppIcon;
				CLANG_ENABLE_MODULES = YES;
				FRAMEWORK_SEARCH_PATHS = (
					"$(inherited)",
					"$(PROJECT_DIR)",
					"/Users/geralddunn/Downloads/parse-library-1.7.5",
					"$(PROJECT_DIR)/TeacherTimeTracker",
				);
				INFOPLIST_FILE = TeacherTimeTracker/Info.plist;
				IPHONEOS_DEPLOYMENT_TARGET = 7.0;
				LD_RUNPATH_SEARCH_PATHS = "$(inherited) @executable_path/Frameworks";
				PRODUCT_NAME = "$(TARGET_NAME)";
				SWIFT_OBJC_BRIDGING_HEADER = "TeacherTimeTracker-Bridging-Header.h";
			};
			name = Release;
		};
		B86EF4181B6E4691006FE66E /* Debug */ = {
			isa = XCBuildConfiguration;
			buildSettings = {
				BUNDLE_LOADER = "$(TEST_HOST)";
				FRAMEWORK_SEARCH_PATHS = (
					"$(SDKROOT)/Developer/Library/Frameworks",
					"$(inherited)",
				);
				GCC_PREPROCESSOR_DEFINITIONS = (
					"DEBUG=1",
					"$(inherited)",
				);
				INFOPLIST_FILE = TeacherTimeTrackerTests/Info.plist;
				LD_RUNPATH_SEARCH_PATHS = "$(inherited) @executable_path/Frameworks @loader_path/Frameworks";
				PRODUCT_NAME = "$(TARGET_NAME)";
				TEST_HOST = "$(BUILT_PRODUCTS_DIR)/TeacherTimeTracker.app/TeacherTimeTracker";
			};
			name = Debug;
		};
		B86EF4191B6E4691006FE66E /* Release */ = {
			isa = XCBuildConfiguration;
			buildSettings = {
				BUNDLE_LOADER = "$(TEST_HOST)";
				FRAMEWORK_SEARCH_PATHS = (
					"$(SDKROOT)/Developer/Library/Frameworks",
					"$(inherited)",
				);
				INFOPLIST_FILE = TeacherTimeTrackerTests/Info.plist;
				LD_RUNPATH_SEARCH_PATHS = "$(inherited) @executable_path/Frameworks @loader_path/Frameworks";
				PRODUCT_NAME = "$(TARGET_NAME)";
				TEST_HOST = "$(BUILT_PRODUCTS_DIR)/TeacherTimeTracker.app/TeacherTimeTracker";
			};
			name = Release;
		};
/* End XCBuildConfiguration section */

/* Begin XCConfigurationList section */
		B86EF3F01B6E4691006FE66E /* Build configuration list for PBXProject "TeacherTimeTracker" */ = {
			isa = XCConfigurationList;
			buildConfigurations = (
				B86EF4121B6E4691006FE66E /* Debug */,
				B86EF4131B6E4691006FE66E /* Release */,
			);
			defaultConfigurationIsVisible = 0;
			defaultConfigurationName = Release;
		};
		B86EF4141B6E4691006FE66E /* Build configuration list for PBXNativeTarget "TeacherTimeTracker" */ = {
			isa = XCConfigurationList;
			buildConfigurations = (
				B86EF4151B6E4691006FE66E /* Debug */,
				B86EF4161B6E4691006FE66E /* Release */,
			);
			defaultConfigurationIsVisible = 0;
			defaultConfigurationName = Release;
		};
		B86EF4171B6E4691006FE66E /* Build configuration list for PBXNativeTarget "TeacherTimeTrackerTests" */ = {
			isa = XCConfigurationList;
			buildConfigurations = (
				B86EF4181B6E4691006FE66E /* Debug */,
				B86EF4191B6E4691006FE66E /* Release */,
			);
			defaultConfigurationIsVisible = 0;
			defaultConfigurationName = Release;
		};
/* End XCConfigurationList section */
	};
	rootObject = B86EF3ED1B6E4691006FE66E /* Project object */;
}
